
Microsoft Visual Studio Solution File, Format Version 12.00
# Visual Studio Version 17
VisualStudioVersion = 17.4.33213.308
MinimumVisualStudioVersion = 10.0.40219.1
Project("{FAE04EC0-301F-11D3-BF4B-00C04F79EFBC}") = "LR9-10v8", "LR9v8\LR9-10v8.csproj", "{8171D9B7-06D9-403A-8C97-C78B46487FD1}"
EndProject
Project("{FAE04EC0-301F-11D3-BF4B-00C04F79EFBC}") = "LR11", "LR11\LR11.csproj", "{CE52CE7C-F9D5-4753-A3C8-62E0A8FEB994}"
EndProject
Global
	GlobalSection(SolutionConfigurationPlatforms) = preSolution
		Debug|Any CPU = Debug|Any CPU
		Release|Any CPU = Release|Any CPU
	EndGlobalSection
	GlobalSection(ProjectConfigurationPlatforms) = postSolution
		{8171D9B7-06D9-403A-8C97-C78B46487FD1}.Debug|Any CPU.ActiveCfg = Debug|Any CPU
		{8171D9B7-06D9-403A-8C97-C78B46487FD1}.Debug|Any CPU.Build.0 = Debug|Any CPU
		{8171D9B7-06D9-403A-8C97-C78B46487FD1}.Release|Any CPU.ActiveCfg = Release|Any CPU
		{8171D9B7-06D9-403A-8C97-C78B46487FD1}.Release|Any CPU.Build.0 = Release|Any CPU
		{CE52CE7C-F9D5-4753-A3C8-62E0A8FEB994}.Debug|Any CPU.ActiveCfg = Debug|Any CPU
		{CE52CE7C-F9D5-4753-A3C8-62E0A8FEB994}.Debug|Any CPU.Build.0 = Debug|Any CPU
		{CE52CE7C-F9D5-4753-A3C8-62E0A8FEB994}.Release|Any CPU.ActiveCfg = Release|Any CPU
		{CE52CE7C-F9D5-4753-A3C8-62E0A8FEB994}.Release|Any CPU.Build.0 = Release|Any CPU
	EndGlobalSection
	GlobalSection(SolutionProperties) = preSolution
		HideSolutionNode = FALSE
	EndGlobalSection
	GlobalSection(ExtensibilityGlobals) = postSolution
		SolutionGuid = {74A485FA-72EF-4070-8816-ED93A98283B5}
	EndGlobalSection
EndGlobal
