
Microsoft Visual Studio Solution File, Format Version 12.00
# Visual Studio Version 17
VisualStudioVersion = 17.2.32505.173
MinimumVisualStudioVersion = 10.0.40219.1
Project("{9A19103F-16F7-4668-BE54-9A1E7A4F7556}") = "Lec03LibN", "Lec03LibN\Lec03LibN.csproj", "{02EEBD47-7802-4426-ACD6-48DEF565FDE9}"
EndProject
Project("{FAE04EC0-301F-11D3-BF4B-00C04F79EFBC}") = "PP03", "PP03\PP03.csproj", "{F08C6669-8566-4859-B6DC-82FE59A72102}"
EndProject
Global
	GlobalSection(SolutionConfigurationPlatforms) = preSolution
		Debug|Any CPU = Debug|Any CPU
		Release|Any CPU = Release|Any CPU
	EndGlobalSection
	GlobalSection(ProjectConfigurationPlatforms) = postSolution
		{02EEBD47-7802-4426-ACD6-48DEF565FDE9}.Debug|Any CPU.ActiveCfg = Debug|Any CPU
		{02EEBD47-7802-4426-ACD6-48DEF565FDE9}.Debug|Any CPU.Build.0 = Debug|Any CPU
		{02EEBD47-7802-4426-ACD6-48DEF565FDE9}.Release|Any CPU.ActiveCfg = Release|Any CPU
		{02EEBD47-7802-4426-ACD6-48DEF565FDE9}.Release|Any CPU.Build.0 = Release|Any CPU
		{F08C6669-8566-4859-B6DC-82FE59A72102}.Debug|Any CPU.ActiveCfg = Debug|Any CPU
		{F08C6669-8566-4859-B6DC-82FE59A72102}.Debug|Any CPU.Build.0 = Debug|Any CPU
		{F08C6669-8566-4859-B6DC-82FE59A72102}.Release|Any CPU.ActiveCfg = Release|Any CPU
		{F08C6669-8566-4859-B6DC-82FE59A72102}.Release|Any CPU.Build.0 = Release|Any CPU
	EndGlobalSection
	GlobalSection(SolutionProperties) = preSolution
		HideSolutionNode = FALSE
	EndGlobalSection
	GlobalSection(ExtensibilityGlobals) = postSolution
		SolutionGuid = {1D1AC08C-867F-4AF3-BC74-B182B2DFC5A2}
	EndGlobalSection
EndGlobal
